
Microsoft Visual Studio Solution File, Format Version 12.00
# Visual Studio Version 16
VisualStudioVersion = 16.0.31729.503
MinimumVisualStudioVersion = 10.0.40219.1
Project("{9A19103F-16F7-4668-BE54-9A1E7A4F7556}") = "ikinci-hafta-odevi-bilalkocc", "ikinci-hafta-odevi-bilalkocc\ikinci-hafta-odevi-bilalkocc.csproj", "{DFF383E9-E76C-49E9-856D-9EA743F3133A}"
EndProject
Project("{9A19103F-16F7-4668-BE54-9A1E7A4F7556}") = "DataAccess", "DataAccess\DataAccess.csproj", "{85B20384-37A0-4192-87AB-D8CE82265A6B}"
EndProject
Project("{FAE04EC0-301F-11D3-BF4B-00C04F79EFBC}") = "Core", "Core\Core.csproj", "{1EFE2F74-86B1-4348-B917-707CD77EC511}"
EndProject
Global
	GlobalSection(SolutionConfigurationPlatforms) = preSolution
		Debug|Any CPU = Debug|Any CPU
		Release|Any CPU = Release|Any CPU
	EndGlobalSection
	GlobalSection(ProjectConfigurationPlatforms) = postSolution
		{DFF383E9-E76C-49E9-856D-9EA743F3133A}.Debug|Any CPU.ActiveCfg = Debug|Any CPU
		{DFF383E9-E76C-49E9-856D-9EA743F3133A}.Debug|Any CPU.Build.0 = Debug|Any CPU
		{DFF383E9-E76C-49E9-856D-9EA743F3133A}.Release|Any CPU.ActiveCfg = Release|Any CPU
		{DFF383E9-E76C-49E9-856D-9EA743F3133A}.Release|Any CPU.Build.0 = Release|Any CPU
		{85B20384-37A0-4192-87AB-D8CE82265A6B}.Debug|Any CPU.ActiveCfg = Debug|Any CPU
		{85B20384-37A0-4192-87AB-D8CE82265A6B}.Debug|Any CPU.Build.0 = Debug|Any CPU
		{85B20384-37A0-4192-87AB-D8CE82265A6B}.Release|Any CPU.ActiveCfg = Release|Any CPU
		{85B20384-37A0-4192-87AB-D8CE82265A6B}.Release|Any CPU.Build.0 = Release|Any CPU
		{1EFE2F74-86B1-4348-B917-707CD77EC511}.Debug|Any CPU.ActiveCfg = Debug|Any CPU
		{1EFE2F74-86B1-4348-B917-707CD77EC511}.Debug|Any CPU.Build.0 = Debug|Any CPU
		{1EFE2F74-86B1-4348-B917-707CD77EC511}.Release|Any CPU.ActiveCfg = Release|Any CPU
		{1EFE2F74-86B1-4348-B917-707CD77EC511}.Release|Any CPU.Build.0 = Release|Any CPU
	EndGlobalSection
	GlobalSection(SolutionProperties) = preSolution
		HideSolutionNode = FALSE
	EndGlobalSection
	GlobalSection(ExtensibilityGlobals) = postSolution
		SolutionGuid = {C69C65D5-4653-4209-836F-5B1AACC1F369}
	EndGlobalSection
EndGlobal
